
Microsoft Visual Studio Solution File, Format Version 11.00
# Visual Studio 2010
Project("{FAE04EC0-301F-11D3-BF4B-00C04F79EFBC}") = "System.Compilers.Shaders", "System.Compilers.Shaders.csproj", "{8FA8B4C1-E74B-4C8E-AA27-12270F3121BA}"
EndProject
Global
	GlobalSection(SolutionConfigurationPlatforms) = preSolution
		Debug|Any CPU = Debug|Any CPU
		Release|Any CPU = Release|Any CPU
	EndGlobalSection
	GlobalSection(ProjectConfigurationPlatforms) = postSolution
		{8FA8B4C1-E74B-4C8E-AA27-12270F3121BA}.Debug|Any CPU.ActiveCfg = Debug|Any CPU
		{8FA8B4C1-E74B-4C8E-AA27-12270F3121BA}.Debug|Any CPU.Build.0 = Debug|Any CPU
		{8FA8B4C1-E74B-4C8E-AA27-12270F3121BA}.Release|Any CPU.ActiveCfg = Release|Any CPU
		{8FA8B4C1-E74B-4C8E-AA27-12270F3121BA}.Release|Any CPU.Build.0 = Release|Any CPU
	EndGlobalSection
	GlobalSection(SolutionProperties) = preSolution
		HideSolutionNode = FALSE
	EndGlobalSection
EndGlobal
